
Microsoft Visual Studio Solution File, Format Version 12.00
# Visual Studio 15
VisualStudioVersion = 15.0.27428.2002
MinimumVisualStudioVersion = 10.0.40219.1
Project("{FAE04EC0-301F-11D3-BF4B-00C04F79EFBC}") = "ASPTask2_4", "WebApplication1\ASPTask2_4.csproj", "{55CCADE5-BB2B-4728-83BD-7DE9C7E26EFF}"
EndProject
Global
	GlobalSection(SolutionConfigurationPlatforms) = preSolution
		Debug|Any CPU = Debug|Any CPU
		Release|Any CPU = Release|Any CPU
	EndGlobalSection
	GlobalSection(ProjectConfigurationPlatforms) = postSolution
		{55CCADE5-BB2B-4728-83BD-7DE9C7E26EFF}.Debug|Any CPU.ActiveCfg = Debug|Any CPU
		{55CCADE5-BB2B-4728-83BD-7DE9C7E26EFF}.Debug|Any CPU.Build.0 = Debug|Any CPU
		{55CCADE5-BB2B-4728-83BD-7DE9C7E26EFF}.Release|Any CPU.ActiveCfg = Release|Any CPU
		{55CCADE5-BB2B-4728-83BD-7DE9C7E26EFF}.Release|Any CPU.Build.0 = Release|Any CPU
	EndGlobalSection
	GlobalSection(SolutionProperties) = preSolution
		HideSolutionNode = FALSE
	EndGlobalSection
	GlobalSection(ExtensibilityGlobals) = postSolution
		SolutionGuid = {DF056479-FF7D-4A06-B46B-693299C78257}
	EndGlobalSection
EndGlobal
